
Microsoft Visual Studio Solution File, Format Version 12.00
# Visual Studio Version 17
VisualStudioVersion = 17.0.31903.59
MinimumVisualStudioVersion = 10.0.40219.1
Project("{FAE04EC0-301F-11D3-BF4B-00C04F79EFBC}") = "CourseWork", "CourseWork.csproj", "{156A6620-21E4-4576-A936-8A550B99D155}"
EndProject
Global
	GlobalSection(SolutionConfigurationPlatforms) = preSolution
		Debug|Any CPU = Debug|Any CPU
		Release|Any CPU = Release|Any CPU
	EndGlobalSection
	GlobalSection(SolutionProperties) = preSolution
		HideSolutionNode = FALSE
	EndGlobalSection
	GlobalSection(ProjectConfigurationPlatforms) = postSolution
		{156A6620-21E4-4576-A936-8A550B99D155}.Debug|Any CPU.ActiveCfg = Debug|Any CPU
		{156A6620-21E4-4576-A936-8A550B99D155}.Debug|Any CPU.Build.0 = Debug|Any CPU
		{156A6620-21E4-4576-A936-8A550B99D155}.Release|Any CPU.ActiveCfg = Release|Any CPU
		{156A6620-21E4-4576-A936-8A550B99D155}.Release|Any CPU.Build.0 = Release|Any CPU
	EndGlobalSection
EndGlobal
